
Microsoft Visual Studio Solution File, Format Version 12.00
# Visual Studio Version 17
VisualStudioVersion = 17.4.33122.133
MinimumVisualStudioVersion = 10.0.40219.1
Project("{9A19103F-16F7-4668-BE54-9A1E7A4F7556}") = "hvc.Parser", "hvc.Parser.csproj", "{043AEB2B-0346-4EC3-AB99-01A6F13250BC}"
EndProject
Global
	GlobalSection(SolutionConfigurationPlatforms) = preSolution
		Debug|Any CPU = Debug|Any CPU
		Release|Any CPU = Release|Any CPU
	EndGlobalSection
	GlobalSection(ProjectConfigurationPlatforms) = postSolution
		{043AEB2B-0346-4EC3-AB99-01A6F13250BC}.Debug|Any CPU.ActiveCfg = Debug|Any CPU
		{043AEB2B-0346-4EC3-AB99-01A6F13250BC}.Debug|Any CPU.Build.0 = Debug|Any CPU
		{043AEB2B-0346-4EC3-AB99-01A6F13250BC}.Release|Any CPU.ActiveCfg = Release|Any CPU
		{043AEB2B-0346-4EC3-AB99-01A6F13250BC}.Release|Any CPU.Build.0 = Release|Any CPU
	EndGlobalSection
	GlobalSection(SolutionProperties) = preSolution
		HideSolutionNode = FALSE
	EndGlobalSection
	GlobalSection(ExtensibilityGlobals) = postSolution
		SolutionGuid = {078537EB-C8B8-4CF8-86E5-7B1FCE0EEA24}
	EndGlobalSection
EndGlobal
